
Microsoft Visual Studio Solution File, Format Version 12.00
# Visual Studio Version 17
VisualStudioVersion = 17.2.32602.215
MinimumVisualStudioVersion = 10.0.40219.1
Project("{9A19103F-16F7-4668-BE54-9A1E7A4F7556}") = "home_3", "home_3\home_3.csproj", "{C89F1AF7-5683-4202-AE6B-07336382A6DB}"
EndProject
Project("{9A19103F-16F7-4668-BE54-9A1E7A4F7556}") = "home_1", "home_1\home_1.csproj", "{AB9E2DE6-6084-4DDB-B3FB-2739298756A0}"
EndProject
Project("{9A19103F-16F7-4668-BE54-9A1E7A4F7556}") = "home_2", "home_2\home_2.csproj", "{602238E0-C98A-433A-9F30-8351FE82F0DE}"
EndProject
Project("{9A19103F-16F7-4668-BE54-9A1E7A4F7556}") = "home_4", "home_4\home_4.csproj", "{7EE0FCC4-9DB4-4CE7-B755-2BEC3BD26F42}"
EndProject
Project("{9A19103F-16F7-4668-BE54-9A1E7A4F7556}") = "home_5", "home_5\home_5.csproj", "{37623518-0DB4-41AE-AE65-B92FCD263AF4}"
EndProject
Project("{9A19103F-16F7-4668-BE54-9A1E7A4F7556}") = "home_6", "home_6\home_6.csproj", "{6BDA298A-12BB-4A83-A931-9049A9942008}"
EndProject
Project("{9A19103F-16F7-4668-BE54-9A1E7A4F7556}") = "home_7", "home_7\home_7.csproj", "{EAEBC7B8-AF48-4187-9BFF-1BFFBF27764F}"
EndProject
Project("{9A19103F-16F7-4668-BE54-9A1E7A4F7556}") = "home_8", "home_8\home_8.csproj", "{C9CCAFE5-A755-4128-A43F-10C1A52E9972}"
EndProject
Project("{FAE04EC0-301F-11D3-BF4B-00C04F79EFBC}") = "home_9", "home_9\home_9.csproj", "{FF220440-B24B-458C-9FF4-2F4B5A00DC6C}"
EndProject
Global
	GlobalSection(SolutionConfigurationPlatforms) = preSolution
		Debug|Any CPU = Debug|Any CPU
		Release|Any CPU = Release|Any CPU
	EndGlobalSection
	GlobalSection(ProjectConfigurationPlatforms) = postSolution
		{C89F1AF7-5683-4202-AE6B-07336382A6DB}.Debug|Any CPU.ActiveCfg = Debug|Any CPU
		{C89F1AF7-5683-4202-AE6B-07336382A6DB}.Debug|Any CPU.Build.0 = Debug|Any CPU
		{C89F1AF7-5683-4202-AE6B-07336382A6DB}.Release|Any CPU.ActiveCfg = Release|Any CPU
		{C89F1AF7-5683-4202-AE6B-07336382A6DB}.Release|Any CPU.Build.0 = Release|Any CPU
		{AB9E2DE6-6084-4DDB-B3FB-2739298756A0}.Debug|Any CPU.ActiveCfg = Debug|Any CPU
		{AB9E2DE6-6084-4DDB-B3FB-2739298756A0}.Debug|Any CPU.Build.0 = Debug|Any CPU
		{AB9E2DE6-6084-4DDB-B3FB-2739298756A0}.Release|Any CPU.ActiveCfg = Release|Any CPU
		{AB9E2DE6-6084-4DDB-B3FB-2739298756A0}.Release|Any CPU.Build.0 = Release|Any CPU
		{602238E0-C98A-433A-9F30-8351FE82F0DE}.Debug|Any CPU.ActiveCfg = Debug|Any CPU
		{602238E0-C98A-433A-9F30-8351FE82F0DE}.Debug|Any CPU.Build.0 = Debug|Any CPU
		{602238E0-C98A-433A-9F30-8351FE82F0DE}.Release|Any CPU.ActiveCfg = Release|Any CPU
		{602238E0-C98A-433A-9F30-8351FE82F0DE}.Release|Any CPU.Build.0 = Release|Any CPU
		{7EE0FCC4-9DB4-4CE7-B755-2BEC3BD26F42}.Debug|Any CPU.ActiveCfg = Debug|Any CPU
		{7EE0FCC4-9DB4-4CE7-B755-2BEC3BD26F42}.Debug|Any CPU.Build.0 = Debug|Any CPU
		{7EE0FCC4-9DB4-4CE7-B755-2BEC3BD26F42}.Release|Any CPU.ActiveCfg = Release|Any CPU
		{7EE0FCC4-9DB4-4CE7-B755-2BEC3BD26F42}.Release|Any CPU.Build.0 = Release|Any CPU
		{37623518-0DB4-41AE-AE65-B92FCD263AF4}.Debug|Any CPU.ActiveCfg = Debug|Any CPU
		{37623518-0DB4-41AE-AE65-B92FCD263AF4}.Debug|Any CPU.Build.0 = Debug|Any CPU
		{37623518-0DB4-41AE-AE65-B92FCD263AF4}.Release|Any CPU.ActiveCfg = Release|Any CPU
		{37623518-0DB4-41AE-AE65-B92FCD263AF4}.Release|Any CPU.Build.0 = Release|Any CPU
		{6BDA298A-12BB-4A83-A931-9049A9942008}.Debug|Any CPU.ActiveCfg = Debug|Any CPU
		{6BDA298A-12BB-4A83-A931-9049A9942008}.Debug|Any CPU.Build.0 = Debug|Any CPU
		{6BDA298A-12BB-4A83-A931-9049A9942008}.Release|Any CPU.ActiveCfg = Release|Any CPU
		{6BDA298A-12BB-4A83-A931-9049A9942008}.Release|Any CPU.Build.0 = Release|Any CPU
		{EAEBC7B8-AF48-4187-9BFF-1BFFBF27764F}.Debug|Any CPU.ActiveCfg = Debug|Any CPU
		{EAEBC7B8-AF48-4187-9BFF-1BFFBF27764F}.Debug|Any CPU.Build.0 = Debug|Any CPU
		{EAEBC7B8-AF48-4187-9BFF-1BFFBF27764F}.Release|Any CPU.ActiveCfg = Release|Any CPU
		{EAEBC7B8-AF48-4187-9BFF-1BFFBF27764F}.Release|Any CPU.Build.0 = Release|Any CPU
		{C9CCAFE5-A755-4128-A43F-10C1A52E9972}.Debug|Any CPU.ActiveCfg = Debug|Any CPU
		{C9CCAFE5-A755-4128-A43F-10C1A52E9972}.Debug|Any CPU.Build.0 = Debug|Any CPU
		{C9CCAFE5-A755-4128-A43F-10C1A52E9972}.Release|Any CPU.ActiveCfg = Release|Any CPU
		{C9CCAFE5-A755-4128-A43F-10C1A52E9972}.Release|Any CPU.Build.0 = Release|Any CPU
		{FF220440-B24B-458C-9FF4-2F4B5A00DC6C}.Debug|Any CPU.ActiveCfg = Debug|Any CPU
		{FF220440-B24B-458C-9FF4-2F4B5A00DC6C}.Debug|Any CPU.Build.0 = Debug|Any CPU
		{FF220440-B24B-458C-9FF4-2F4B5A00DC6C}.Release|Any CPU.ActiveCfg = Release|Any CPU
		{FF220440-B24B-458C-9FF4-2F4B5A00DC6C}.Release|Any CPU.Build.0 = Release|Any CPU
	EndGlobalSection
	GlobalSection(SolutionProperties) = preSolution
		HideSolutionNode = FALSE
	EndGlobalSection
	GlobalSection(ExtensibilityGlobals) = postSolution
		SolutionGuid = {1326FEE1-6CEC-4702-82D7-A3ECFB21F237}
	EndGlobalSection
EndGlobal
