
Microsoft Visual Studio Solution File, Format Version 12.00
# Visual Studio Version 17
VisualStudioVersion = 17.2.32602.215
MinimumVisualStudioVersion = 10.0.40219.1
Project("{9A19103F-16F7-4668-BE54-9A1E7A4F7556}") = "home_3", "home_3\home_3.csproj", "{C89F1AF7-5683-4202-AE6B-07336382A6DB}"
EndProject
Project("{FAE04EC0-301F-11D3-BF4B-00C04F79EFBC}") = "home_1", "home_1\home_1.csproj", "{AB9E2DE6-6084-4DDB-B3FB-2739298756A0}"
EndProject
Project("{FAE04EC0-301F-11D3-BF4B-00C04F79EFBC}") = "home_2", "home_2\home_2.csproj", "{602238E0-C98A-433A-9F30-8351FE82F0DE}"
EndProject
Global
	GlobalSection(SolutionConfigurationPlatforms) = preSolution
		Debug|Any CPU = Debug|Any CPU
		Release|Any CPU = Release|Any CPU
	EndGlobalSection
	GlobalSection(ProjectConfigurationPlatforms) = postSolution
		{C89F1AF7-5683-4202-AE6B-07336382A6DB}.Debug|Any CPU.ActiveCfg = Debug|Any CPU
		{C89F1AF7-5683-4202-AE6B-07336382A6DB}.Debug|Any CPU.Build.0 = Debug|Any CPU
		{C89F1AF7-5683-4202-AE6B-07336382A6DB}.Release|Any CPU.ActiveCfg = Release|Any CPU
		{C89F1AF7-5683-4202-AE6B-07336382A6DB}.Release|Any CPU.Build.0 = Release|Any CPU
		{AB9E2DE6-6084-4DDB-B3FB-2739298756A0}.Debug|Any CPU.ActiveCfg = Debug|Any CPU
		{AB9E2DE6-6084-4DDB-B3FB-2739298756A0}.Debug|Any CPU.Build.0 = Debug|Any CPU
		{AB9E2DE6-6084-4DDB-B3FB-2739298756A0}.Release|Any CPU.ActiveCfg = Release|Any CPU
		{AB9E2DE6-6084-4DDB-B3FB-2739298756A0}.Release|Any CPU.Build.0 = Release|Any CPU
		{602238E0-C98A-433A-9F30-8351FE82F0DE}.Debug|Any CPU.ActiveCfg = Debug|Any CPU
		{602238E0-C98A-433A-9F30-8351FE82F0DE}.Debug|Any CPU.Build.0 = Debug|Any CPU
		{602238E0-C98A-433A-9F30-8351FE82F0DE}.Release|Any CPU.ActiveCfg = Release|Any CPU
		{602238E0-C98A-433A-9F30-8351FE82F0DE}.Release|Any CPU.Build.0 = Release|Any CPU
	EndGlobalSection
	GlobalSection(SolutionProperties) = preSolution
		HideSolutionNode = FALSE
	EndGlobalSection
	GlobalSection(ExtensibilityGlobals) = postSolution
		SolutionGuid = {1326FEE1-6CEC-4702-82D7-A3ECFB21F237}
	EndGlobalSection
EndGlobal
